
Microsoft Visual Studio Solution File, Format Version 12.00
# Visual Studio Version 16
VisualStudioVersion = 16.0.31313.79
MinimumVisualStudioVersion = 10.0.40219.1
Project("{FAE04EC0-301F-11D3-BF4B-00C04F79EFBC}") = "candle", "candle\candle.csproj", "{155A160F-11EA-40B1-994B-0DB74BE73A8D}"
EndProject
Global
	GlobalSection(SolutionConfigurationPlatforms) = preSolution
		Debug|Any CPU = Debug|Any CPU
		Release|Any CPU = Release|Any CPU
	EndGlobalSection
	GlobalSection(ProjectConfigurationPlatforms) = postSolution
		{155A160F-11EA-40B1-994B-0DB74BE73A8D}.Debug|Any CPU.ActiveCfg = Debug|Any CPU
		{155A160F-11EA-40B1-994B-0DB74BE73A8D}.Debug|Any CPU.Build.0 = Debug|Any CPU
		{155A160F-11EA-40B1-994B-0DB74BE73A8D}.Release|Any CPU.ActiveCfg = Release|Any CPU
		{155A160F-11EA-40B1-994B-0DB74BE73A8D}.Release|Any CPU.Build.0 = Release|Any CPU
	EndGlobalSection
	GlobalSection(SolutionProperties) = preSolution
		HideSolutionNode = FALSE
	EndGlobalSection
	GlobalSection(ExtensibilityGlobals) = postSolution
		SolutionGuid = {D370AC45-007F-42F9-AEAB-351980E0DD05}
	EndGlobalSection
EndGlobal
